
Microsoft Visual Studio Solution File, Format Version 12.00
# Visual Studio 15
VisualStudioVersion = 15.0.26124.0
MinimumVisualStudioVersion = 15.0.26124.0
Project("{FAE04EC0-301F-11D3-BF4B-00C04F79EFBC}") = "HRM.Repository", "HRM.Repository\HRM.Repository.csproj", "{3F4411BB-25B7-4831-B9D7-45C240D4C227}"
EndProject
Project("{FAE04EC0-301F-11D3-BF4B-00C04F79EFBC}") = "HRM.Domain", "HRM.Domain\HRM.Domain.csproj", "{6C3F889D-AE00-43EA-8D7F-FD6AFD5574CF}"
EndProject
Project("{FAE04EC0-301F-11D3-BF4B-00C04F79EFBC}") = "HRM.UnitTest", "HRM.UnitTest\HRM.UnitTest.csproj", "{CA6AC955-BED9-4E76-9363-B84F559D070E}"
EndProject
Global
	GlobalSection(SolutionConfigurationPlatforms) = preSolution
		Debug|Any CPU = Debug|Any CPU
		Debug|x64 = Debug|x64
		Debug|x86 = Debug|x86
		Release|Any CPU = Release|Any CPU
		Release|x64 = Release|x64
		Release|x86 = Release|x86
	EndGlobalSection
	GlobalSection(SolutionProperties) = preSolution
		HideSolutionNode = FALSE
	EndGlobalSection
	GlobalSection(ProjectConfigurationPlatforms) = postSolution
		{3F4411BB-25B7-4831-B9D7-45C240D4C227}.Debug|Any CPU.ActiveCfg = Debug|Any CPU
		{3F4411BB-25B7-4831-B9D7-45C240D4C227}.Debug|Any CPU.Build.0 = Debug|Any CPU
		{3F4411BB-25B7-4831-B9D7-45C240D4C227}.Debug|x64.ActiveCfg = Debug|Any CPU
		{3F4411BB-25B7-4831-B9D7-45C240D4C227}.Debug|x64.Build.0 = Debug|Any CPU
		{3F4411BB-25B7-4831-B9D7-45C240D4C227}.Debug|x86.ActiveCfg = Debug|Any CPU
		{3F4411BB-25B7-4831-B9D7-45C240D4C227}.Debug|x86.Build.0 = Debug|Any CPU
		{3F4411BB-25B7-4831-B9D7-45C240D4C227}.Release|Any CPU.ActiveCfg = Release|Any CPU
		{3F4411BB-25B7-4831-B9D7-45C240D4C227}.Release|Any CPU.Build.0 = Release|Any CPU
		{3F4411BB-25B7-4831-B9D7-45C240D4C227}.Release|x64.ActiveCfg = Release|Any CPU
		{3F4411BB-25B7-4831-B9D7-45C240D4C227}.Release|x64.Build.0 = Release|Any CPU
		{3F4411BB-25B7-4831-B9D7-45C240D4C227}.Release|x86.ActiveCfg = Release|Any CPU
		{3F4411BB-25B7-4831-B9D7-45C240D4C227}.Release|x86.Build.0 = Release|Any CPU
		{6C3F889D-AE00-43EA-8D7F-FD6AFD5574CF}.Debug|Any CPU.ActiveCfg = Debug|Any CPU
		{6C3F889D-AE00-43EA-8D7F-FD6AFD5574CF}.Debug|Any CPU.Build.0 = Debug|Any CPU
		{6C3F889D-AE00-43EA-8D7F-FD6AFD5574CF}.Debug|x64.ActiveCfg = Debug|Any CPU
		{6C3F889D-AE00-43EA-8D7F-FD6AFD5574CF}.Debug|x64.Build.0 = Debug|Any CPU
		{6C3F889D-AE00-43EA-8D7F-FD6AFD5574CF}.Debug|x86.ActiveCfg = Debug|Any CPU
		{6C3F889D-AE00-43EA-8D7F-FD6AFD5574CF}.Debug|x86.Build.0 = Debug|Any CPU
		{6C3F889D-AE00-43EA-8D7F-FD6AFD5574CF}.Release|Any CPU.ActiveCfg = Release|Any CPU
		{6C3F889D-AE00-43EA-8D7F-FD6AFD5574CF}.Release|Any CPU.Build.0 = Release|Any CPU
		{6C3F889D-AE00-43EA-8D7F-FD6AFD5574CF}.Release|x64.ActiveCfg = Release|Any CPU
		{6C3F889D-AE00-43EA-8D7F-FD6AFD5574CF}.Release|x64.Build.0 = Release|Any CPU
		{6C3F889D-AE00-43EA-8D7F-FD6AFD5574CF}.Release|x86.ActiveCfg = Release|Any CPU
		{6C3F889D-AE00-43EA-8D7F-FD6AFD5574CF}.Release|x86.Build.0 = Release|Any CPU
		{CA6AC955-BED9-4E76-9363-B84F559D070E}.Debug|Any CPU.ActiveCfg = Debug|Any CPU
		{CA6AC955-BED9-4E76-9363-B84F559D070E}.Debug|Any CPU.Build.0 = Debug|Any CPU
		{CA6AC955-BED9-4E76-9363-B84F559D070E}.Debug|x64.ActiveCfg = Debug|Any CPU
		{CA6AC955-BED9-4E76-9363-B84F559D070E}.Debug|x64.Build.0 = Debug|Any CPU
		{CA6AC955-BED9-4E76-9363-B84F559D070E}.Debug|x86.ActiveCfg = Debug|Any CPU
		{CA6AC955-BED9-4E76-9363-B84F559D070E}.Debug|x86.Build.0 = Debug|Any CPU
		{CA6AC955-BED9-4E76-9363-B84F559D070E}.Release|Any CPU.ActiveCfg = Release|Any CPU
		{CA6AC955-BED9-4E76-9363-B84F559D070E}.Release|Any CPU.Build.0 = Release|Any CPU
		{CA6AC955-BED9-4E76-9363-B84F559D070E}.Release|x64.ActiveCfg = Release|Any CPU
		{CA6AC955-BED9-4E76-9363-B84F559D070E}.Release|x64.Build.0 = Release|Any CPU
		{CA6AC955-BED9-4E76-9363-B84F559D070E}.Release|x86.ActiveCfg = Release|Any CPU
		{CA6AC955-BED9-4E76-9363-B84F559D070E}.Release|x86.Build.0 = Release|Any CPU
	EndGlobalSection
EndGlobal
